{
  "version": 4,
  "terraform_version": "0.12.29",
  "serial": 270,
  "lineage": "83c94996-16a5-5fcd-687c-bcc060342f1a",
  "outputs": {},
  "resources": [
    {
      "mode": "managed",
      "type": "aws_iam_account_password_policy",
      "name": "strict",
      "provider": "provider.aws",
      "instances": [
        {
          "schema_version": 0,
          "attributes": {
            "allow_users_to_change_password": true,
            "expire_passwords": true,
            "hard_expiry": false,
            "id": "iam-account-password-policy",
            "max_password_age": 90,
            "minimum_password_length": 8,
            "password_reuse_prevention": 3,
            "require_lowercase_characters": true,
            "require_numbers": true,
            "require_symbols": true,
            "require_uppercase_characters": true
          },
          "private": "bnVsbA=="
        }
      ]
    },
    {
      "mode": "managed",
      "type": "aws_iam_group",
      "name": "dbadmin",
      "provider": "provider.aws",
      "instances": [
        {
          "schema_version": 0,
          "attributes": {
            "arn": "arn:aws:iam::360356898480:group/dbadmin",
            "id": "dbadmin",
            "name": "dbadmin",
            "path": "/",
            "unique_id": "AGPAVHZXR42YBCPZUU4NJ"
          },
          "private": "bnVsbA=="
        }
      ]
    },
    {
      "mode": "managed",
      "type": "aws_iam_group",
      "name": "monadmin",
      "provider": "provider.aws",
      "instances": [
        {
          "schema_version": 0,
          "attributes": {
            "arn": "arn:aws:iam::360356898480:group/monadmin",
            "id": "monadmin",
            "name": "monadmin",
            "path": "/",
            "unique_id": "AGPAVHZXR42YOC7ZY37U5"
          },
          "private": "bnVsbA=="
        }
      ]
    },
    {
      "mode": "managed",
      "type": "aws_iam_group",
      "name": "sysadmin",
      "provider": "provider.aws",
      "instances": [
        {
          "schema_version": 0,
          "attributes": {
            "arn": "arn:aws:iam::360356898480:group/sysadmin",
            "id": "sysadmin",
            "name": "sysadmin",
            "path": "/",
            "unique_id": "AGPAVHZXR42YJJQ26LVJN"
          },
          "private": "bnVsbA=="
        }
      ]
    },
    {
      "mode": "managed",
      "type": "aws_iam_group_membership",
      "name": "dbadmin",
      "provider": "provider.aws",
      "instances": [
        {
          "schema_version": 0,
          "attributes": {
            "group": "dbadmin",
            "id": "dbadmin-membership",
            "name": "dbadmin-membership",
            "users": [
              "dbadmin1",
              "dbadmin2"
            ]
          },
          "private": "bnVsbA==",
          "dependencies": [
            "aws_iam_group.dbadmin",
            "aws_iam_user.dbadmin1",
            "aws_iam_user.dbadmin2"
          ]
        }
      ]
    },
    {
      "mode": "managed",
      "type": "aws_iam_group_membership",
      "name": "monadmin",
      "provider": "provider.aws",
      "instances": [
        {
          "schema_version": 0,
          "attributes": {
            "group": "monadmin",
            "id": "monadmin-membership",
            "name": "monadmin-membership",
            "users": [
              "monadmin1",
              "monadmin2",
              "monadmin3",
              "monadmin4"
            ]
          },
          "private": "bnVsbA==",
          "dependencies": [
            "aws_iam_group.monadmin",
            "aws_iam_user.monadmin1",
            "aws_iam_user.monadmin2",
            "aws_iam_user.monadmin3",
            "aws_iam_user.monadmin4"
          ]
        }
      ]
    },
    {
      "mode": "managed",
      "type": "aws_iam_group_membership",
      "name": "sysadmin",
      "provider": "provider.aws",
      "instances": [
        {
          "schema_version": 0,
          "attributes": {
            "group": "sysadmin",
            "id": "sysadmin-membership",
            "name": "sysadmin-membership",
            "users": [
              "sysadmin1",
              "sysadmin2"
            ]
          },
          "private": "bnVsbA==",
          "dependencies": [
            "aws_iam_group.sysadmin",
            "aws_iam_user.sysadmin1",
            "aws_iam_user.sysadmin2"
          ]
        }
      ]
    },
    {
      "mode": "managed",
      "type": "aws_iam_policy_attachment",
      "name": "test-attach",
      "provider": "provider.aws",
      "instances": [
        {
          "schema_version": 0,
          "attributes": {
            "groups": [
              "sysadmin"
            ],
            "id": "test-attachment",
            "name": "test-attachment",
            "policy_arn": "arn:aws:iam::aws:policy/job-function/SystemAdministrator",
            "roles": null,
            "users": [
              "sysadmin1"
            ]
          },
          "private": "bnVsbA==",
          "dependencies": [
            "aws_iam_group.sysadmin",
            "aws_iam_user.sysadmin1"
          ]
        }
      ]
    },
    {
      "mode": "managed",
      "type": "aws_iam_policy_attachment",
      "name": "testing-attach",
      "provider": "provider.aws",
      "instances": [
        {
          "schema_version": 0,
          "attributes": {
            "groups": [
              "dbadmin"
            ],
            "id": "testing-attachment",
            "name": "testing-attachment",
            "policy_arn": "arn:aws:iam::aws:policy/job-function/DatabaseAdministrator",
            "roles": null,
            "users": null
          },
          "private": "bnVsbA==",
          "dependencies": [
            "aws_iam_group.dbadmin"
          ]
        }
      ]
    },
    {
      "mode": "managed",
      "type": "aws_iam_user",
      "name": "dbadmin1",
      "provider": "provider.aws",
      "instances": [
        {
          "schema_version": 0,
          "attributes": {
            "arn": "arn:aws:iam::360356898480:user/dbadmin1",
            "force_destroy": false,
            "id": "dbadmin1",
            "name": "dbadmin1",
            "path": "/",
            "permissions_boundary": null,
            "tags": null,
            "unique_id": "AIDAVHZXR42YMUJ3KQ6UP"
          },
          "private": "bnVsbA=="
        }
      ]
    },
    {
      "mode": "managed",
      "type": "aws_iam_user",
      "name": "dbadmin2",
      "provider": "provider.aws",
      "instances": [
        {
          "schema_version": 0,
          "attributes": {
            "arn": "arn:aws:iam::360356898480:user/dbadmin2",
            "force_destroy": false,
            "id": "dbadmin2",
            "name": "dbadmin2",
            "path": "/",
            "permissions_boundary": null,
            "tags": null,
            "unique_id": "AIDAVHZXR42YPCE4ORY2D"
          },
          "private": "bnVsbA=="
        }
      ]
    },
    {
      "mode": "managed",
      "type": "aws_iam_user",
      "name": "monadmin1",
      "provider": "provider.aws",
      "instances": [
        {
          "schema_version": 0,
          "attributes": {
            "arn": "arn:aws:iam::360356898480:user/monadmin1",
            "force_destroy": false,
            "id": "monadmin1",
            "name": "monadmin1",
            "path": "/",
            "permissions_boundary": null,
            "tags": null,
            "unique_id": "AIDAVHZXR42YAKMBCUZGO"
          },
          "private": "bnVsbA=="
        }
      ]
    },
    {
      "mode": "managed",
      "type": "aws_iam_user",
      "name": "monadmin2",
      "provider": "provider.aws",
      "instances": [
        {
          "schema_version": 0,
          "attributes": {
            "arn": "arn:aws:iam::360356898480:user/monadmin2",
            "force_destroy": false,
            "id": "monadmin2",
            "name": "monadmin2",
            "path": "/",
            "permissions_boundary": null,
            "tags": null,
            "unique_id": "AIDAVHZXR42YJJTBCDMZN"
          },
          "private": "bnVsbA=="
        }
      ]
    },
    {
      "mode": "managed",
      "type": "aws_iam_user",
      "name": "monadmin3",
      "provider": "provider.aws",
      "instances": [
        {
          "schema_version": 0,
          "attributes": {
            "arn": "arn:aws:iam::360356898480:user/monadmin3",
            "force_destroy": false,
            "id": "monadmin3",
            "name": "monadmin3",
            "path": "/",
            "permissions_boundary": null,
            "tags": null,
            "unique_id": "AIDAVHZXR42YDLX4QUWCD"
          },
          "private": "bnVsbA=="
        }
      ]
    },
    {
      "mode": "managed",
      "type": "aws_iam_user",
      "name": "monadmin4",
      "provider": "provider.aws",
      "instances": [
        {
          "schema_version": 0,
          "attributes": {
            "arn": "arn:aws:iam::360356898480:user/monadmin4",
            "force_destroy": false,
            "id": "monadmin4",
            "name": "monadmin4",
            "path": "/",
            "permissions_boundary": null,
            "tags": null,
            "unique_id": "AIDAVHZXR42YBJCE3IXBW"
          },
          "private": "bnVsbA=="
        }
      ]
    },
    {
      "mode": "managed",
      "type": "aws_iam_user",
      "name": "sysadmin1",
      "provider": "provider.aws",
      "instances": [
        {
          "schema_version": 0,
          "attributes": {
            "arn": "arn:aws:iam::360356898480:user/sysadmin1",
            "force_destroy": false,
            "id": "sysadmin1",
            "name": "sysadmin1",
            "path": "/",
            "permissions_boundary": null,
            "tags": null,
            "unique_id": "AIDAVHZXR42YDGOTERJ4Y"
          },
          "private": "bnVsbA=="
        }
      ]
    },
    {
      "mode": "managed",
      "type": "aws_iam_user",
      "name": "sysadmin2",
      "provider": "provider.aws",
      "instances": [
        {
          "schema_version": 0,
          "attributes": {
            "arn": "arn:aws:iam::360356898480:user/sysadmin2",
            "force_destroy": false,
            "id": "sysadmin2",
            "name": "sysadmin2",
            "path": "/",
            "permissions_boundary": null,
            "tags": null,
            "unique_id": "AIDAVHZXR42YHXK53LBTU"
          },
          "private": "bnVsbA=="
        }
      ]
    }
  ]
}
